
Microsoft Visual Studio Solution File, Format Version 12.00
# Visual Studio Version 16
VisualStudioVersion = 16.0.30717.126
MinimumVisualStudioVersion = 10.0.40219.1
Project("{FAE04EC0-301F-11D3-BF4B-00C04F79EFBC}") = "RabbitMQ_Client", "RabbitMQ_Client\RabbitMQ_Client.csproj", "{98DA76B1-545D-4B1A-9894-5BBF8A1EFA3F}"
EndProject
Project("{FAE04EC0-301F-11D3-BF4B-00C04F79EFBC}") = "RabbitMQ_Server", "RabbitMQ_Server\RabbitMQ_Server.csproj", "{193852EF-9589-4F83-A2E5-1F1759E49D8B}"
EndProject
Project("{FAE04EC0-301F-11D3-BF4B-00C04F79EFBC}") = "RabbitMQ_Common", "RabbitMQ_Common\RabbitMQ_Common.csproj", "{587C2352-93F4-413B-BCC6-E43C3840C2AE}"
EndProject
Global
	GlobalSection(SolutionConfigurationPlatforms) = preSolution
		Debug|Any CPU = Debug|Any CPU
		Release|Any CPU = Release|Any CPU
	EndGlobalSection
	GlobalSection(ProjectConfigurationPlatforms) = postSolution
		{98DA76B1-545D-4B1A-9894-5BBF8A1EFA3F}.Debug|Any CPU.ActiveCfg = Debug|Any CPU
		{98DA76B1-545D-4B1A-9894-5BBF8A1EFA3F}.Debug|Any CPU.Build.0 = Debug|Any CPU
		{98DA76B1-545D-4B1A-9894-5BBF8A1EFA3F}.Release|Any CPU.ActiveCfg = Release|Any CPU
		{98DA76B1-545D-4B1A-9894-5BBF8A1EFA3F}.Release|Any CPU.Build.0 = Release|Any CPU
		{193852EF-9589-4F83-A2E5-1F1759E49D8B}.Debug|Any CPU.ActiveCfg = Debug|Any CPU
		{193852EF-9589-4F83-A2E5-1F1759E49D8B}.Debug|Any CPU.Build.0 = Debug|Any CPU
		{193852EF-9589-4F83-A2E5-1F1759E49D8B}.Release|Any CPU.ActiveCfg = Release|Any CPU
		{193852EF-9589-4F83-A2E5-1F1759E49D8B}.Release|Any CPU.Build.0 = Release|Any CPU
		{587C2352-93F4-413B-BCC6-E43C3840C2AE}.Debug|Any CPU.ActiveCfg = Debug|Any CPU
		{587C2352-93F4-413B-BCC6-E43C3840C2AE}.Debug|Any CPU.Build.0 = Debug|Any CPU
		{587C2352-93F4-413B-BCC6-E43C3840C2AE}.Release|Any CPU.ActiveCfg = Release|Any CPU
		{587C2352-93F4-413B-BCC6-E43C3840C2AE}.Release|Any CPU.Build.0 = Release|Any CPU
	EndGlobalSection
	GlobalSection(SolutionProperties) = preSolution
		HideSolutionNode = FALSE
	EndGlobalSection
	GlobalSection(ExtensibilityGlobals) = postSolution
		SolutionGuid = {BA779E1E-8910-4EE9-976D-82E32714F187}
	EndGlobalSection
EndGlobal
